PODS:
  - Alamofire (4.4.0)
  - GoogleMaps (2.6.0):
    - GoogleMaps/Maps (= 2.6.0)
  - GoogleMaps/Base (2.6.0)
  - GoogleMaps/Maps (2.6.0):
    - GoogleMaps/Base

DEPENDENCIES:
  - Alamofire
  - GoogleMaps

SPEC CHECKSUMS:
  Alamofire: dc44b1600b800eb63da6a19039a0083d62a6a62d
  GoogleMaps: 42f91c68b7fa2f84d5c86597b18ceb99f5414c7f

PODFILE CHECKSUM: 6f49c7720eb3ce3fedcf8e57caa920803b3521f1

COCOAPODS: 1.4.0
